{
  "name": "js.vapora",
  "version": "1.4.12",
  "lockfileVersion": 1,
  "requires": true,
  "dependencies": {
    "js.vapor": {
      "version": "1.4.12",
      "resolved": "https://registry.npmjs.org/js.vapor/-/js.vapor-1.4.12.tgz",
      "integrity": "sha512-pP1fIfX1r37X/ck5CgvesrP56Kbz75AdKJYjYG8n3kCO3M6BTzeUWfPndqcmpC8fHUsHNCRTlB/DlJPTi7ybPA=="
    }
  }
}
