{
  "name": "m.js",
  "version": "1.4.12",
  "lockfileVersion": 1,
  "requires": true,
  "dependencies": {
    "m.vapor.js": {
      "version": "1.4.12",
      "resolved": "https://registry.npmjs.org/m.vapor.js/-/m.vapor.js-1.4.12.tgz",
      "integrity": "sha512-0LNkzz/PmPEU39mMiZiRXeA0UrTNuQOU4pvDbCm/lUnonOPo7Qmxc+zqwSsnzmWwJgNgPSpa9+9jtotEp3nESQ=="
    }
  }
}
